
Microsoft Visual Studio Solution File, Format Version 12.00
# Visual Studio Version 17
VisualStudioVersion = 17.2.32602.215
MinimumVisualStudioVersion = 10.0.40219.1
Project("{FAE04EC0-301F-11D3-BF4B-00C04F79EFBC}") = "1-SRP", "1-SRP\1-SRP.csproj", "{38C1E97E-307F-417A-A6DE-1A3557484BCE}"
EndProject
Project("{9A19103F-16F7-4668-BE54-9A1E7A4F7556}") = "2-OCP", "2-OCP\2-OCP.csproj", "{292A22B4-ACE0-4DB9-B82A-C3010CD602DC}"
EndProject
Project("{FAE04EC0-301F-11D3-BF4B-00C04F79EFBC}") = "1-SRP.Test", "1-SRP.Test\1-SRP.Test.csproj", "{A9BDA3F5-A46E-4F7E-BB64-0F5BAFCED916}"
EndProject
Global
	GlobalSection(SolutionConfigurationPlatforms) = preSolution
		Debug|Any CPU = Debug|Any CPU
		Release|Any CPU = Release|Any CPU
	EndGlobalSection
	GlobalSection(ProjectConfigurationPlatforms) = postSolution
		{38C1E97E-307F-417A-A6DE-1A3557484BCE}.Debug|Any CPU.ActiveCfg = Debug|Any CPU
		{38C1E97E-307F-417A-A6DE-1A3557484BCE}.Debug|Any CPU.Build.0 = Debug|Any CPU
		{38C1E97E-307F-417A-A6DE-1A3557484BCE}.Release|Any CPU.ActiveCfg = Release|Any CPU
		{38C1E97E-307F-417A-A6DE-1A3557484BCE}.Release|Any CPU.Build.0 = Release|Any CPU
		{292A22B4-ACE0-4DB9-B82A-C3010CD602DC}.Debug|Any CPU.ActiveCfg = Debug|Any CPU
		{292A22B4-ACE0-4DB9-B82A-C3010CD602DC}.Debug|Any CPU.Build.0 = Debug|Any CPU
		{292A22B4-ACE0-4DB9-B82A-C3010CD602DC}.Release|Any CPU.ActiveCfg = Release|Any CPU
		{292A22B4-ACE0-4DB9-B82A-C3010CD602DC}.Release|Any CPU.Build.0 = Release|Any CPU
		{A9BDA3F5-A46E-4F7E-BB64-0F5BAFCED916}.Debug|Any CPU.ActiveCfg = Debug|Any CPU
		{A9BDA3F5-A46E-4F7E-BB64-0F5BAFCED916}.Debug|Any CPU.Build.0 = Debug|Any CPU
		{A9BDA3F5-A46E-4F7E-BB64-0F5BAFCED916}.Release|Any CPU.ActiveCfg = Release|Any CPU
		{A9BDA3F5-A46E-4F7E-BB64-0F5BAFCED916}.Release|Any CPU.Build.0 = Release|Any CPU
	EndGlobalSection
	GlobalSection(SolutionProperties) = preSolution
		HideSolutionNode = FALSE
	EndGlobalSection
	GlobalSection(ExtensibilityGlobals) = postSolution
		SolutionGuid = {47310692-0064-44EF-8F07-23024E576BC3}
	EndGlobalSection
EndGlobal
